
Microsoft Visual Studio Solution File, Format Version 12.00
# Visual Studio Version 16
VisualStudioVersion = 16.0.31911.196
MinimumVisualStudioVersion = 10.0.40219.1
Project("{9A19103F-16F7-4668-BE54-9A1E7A4F7556}") = "RedSharp.System", "RedSharp.System\RedSharp.System.csproj", "{348616A2-59A9-4D28-8710-BB8A482519C0}"
EndProject
Project("{FAE04EC0-301F-11D3-BF4B-00C04F79EFBC}") = "RedSharp.System.Terminal", "RedSharp.System.Terminal\RedSharp.System.Terminal.csproj", "{744A75B9-51F4-4C86-BC99-688F5F56323F}"
EndProject
Global
	GlobalSection(SolutionConfigurationPlatforms) = preSolution
		Debug|Any CPU = Debug|Any CPU
		Release|Any CPU = Release|Any CPU
	EndGlobalSection
	GlobalSection(ProjectConfigurationPlatforms) = postSolution
		{348616A2-59A9-4D28-8710-BB8A482519C0}.Debug|Any CPU.ActiveCfg = Debug|Any CPU
		{348616A2-59A9-4D28-8710-BB8A482519C0}.Debug|Any CPU.Build.0 = Debug|Any CPU
		{348616A2-59A9-4D28-8710-BB8A482519C0}.Release|Any CPU.ActiveCfg = Release|Any CPU
		{348616A2-59A9-4D28-8710-BB8A482519C0}.Release|Any CPU.Build.0 = Release|Any CPU
		{744A75B9-51F4-4C86-BC99-688F5F56323F}.Debug|Any CPU.ActiveCfg = Debug|Any CPU
		{744A75B9-51F4-4C86-BC99-688F5F56323F}.Debug|Any CPU.Build.0 = Debug|Any CPU
		{744A75B9-51F4-4C86-BC99-688F5F56323F}.Release|Any CPU.ActiveCfg = Release|Any CPU
		{744A75B9-51F4-4C86-BC99-688F5F56323F}.Release|Any CPU.Build.0 = Release|Any CPU
	EndGlobalSection
	GlobalSection(SolutionProperties) = preSolution
		HideSolutionNode = FALSE
	EndGlobalSection
	GlobalSection(ExtensibilityGlobals) = postSolution
		SolutionGuid = {577890E4-AAA3-4CB0-B52E-45B19997E9B9}
	EndGlobalSection
EndGlobal
